
Microsoft Visual Studio Solution File, Format Version 12.00
# Visual Studio Version 16
VisualStudioVersion = 16.0.808.3
MinimumVisualStudioVersion = 10.0.40219.1
Project("{FAE04EC0-301F-11D3-BF4B-00C04F79EFBC}") = "Time-TimePeriod", "Time-TimePeriod\Time-TimePeriod.csproj", "{2A51E7A5-B461-4522-ABA2-104871457365}"
EndProject
Project("{FAE04EC0-301F-11D3-BF4B-00C04F79EFBC}") = "TimeLib", "TimeLib\TimeLib.csproj", "{63179E86-7C9B-4FAC-8F9A-0BBC52CEDD0E}"
EndProject
Project("{FAE04EC0-301F-11D3-BF4B-00C04F79EFBC}") = "TimeTimePeriodUnitTest", "TimeTimePeriodUnitTest\TimeTimePeriodUnitTest.csproj", "{DFACEEF7-8FF7-40B1-BE5C-F6EC14290455}"
EndProject
Global
	GlobalSection(SolutionConfigurationPlatforms) = preSolution
		Debug|Any CPU = Debug|Any CPU
		Release|Any CPU = Release|Any CPU
	EndGlobalSection
	GlobalSection(ProjectConfigurationPlatforms) = postSolution
		{2A51E7A5-B461-4522-ABA2-104871457365}.Debug|Any CPU.ActiveCfg = Debug|Any CPU
		{2A51E7A5-B461-4522-ABA2-104871457365}.Debug|Any CPU.Build.0 = Debug|Any CPU
		{2A51E7A5-B461-4522-ABA2-104871457365}.Release|Any CPU.ActiveCfg = Release|Any CPU
		{2A51E7A5-B461-4522-ABA2-104871457365}.Release|Any CPU.Build.0 = Release|Any CPU
		{63179E86-7C9B-4FAC-8F9A-0BBC52CEDD0E}.Debug|Any CPU.ActiveCfg = Debug|Any CPU
		{63179E86-7C9B-4FAC-8F9A-0BBC52CEDD0E}.Debug|Any CPU.Build.0 = Debug|Any CPU
		{63179E86-7C9B-4FAC-8F9A-0BBC52CEDD0E}.Release|Any CPU.ActiveCfg = Release|Any CPU
		{63179E86-7C9B-4FAC-8F9A-0BBC52CEDD0E}.Release|Any CPU.Build.0 = Release|Any CPU
		{DFACEEF7-8FF7-40B1-BE5C-F6EC14290455}.Debug|Any CPU.ActiveCfg = Debug|Any CPU
		{DFACEEF7-8FF7-40B1-BE5C-F6EC14290455}.Debug|Any CPU.Build.0 = Debug|Any CPU
		{DFACEEF7-8FF7-40B1-BE5C-F6EC14290455}.Release|Any CPU.ActiveCfg = Release|Any CPU
		{DFACEEF7-8FF7-40B1-BE5C-F6EC14290455}.Release|Any CPU.Build.0 = Release|Any CPU
	EndGlobalSection
	GlobalSection(SolutionProperties) = preSolution
		HideSolutionNode = FALSE
	EndGlobalSection
	GlobalSection(ExtensibilityGlobals) = postSolution
		SolutionGuid = {A3B688D7-FFDA-4835-B660-2388E71F52AC}
	EndGlobalSection
EndGlobal
